PODS:
  - Alamofire (5.6.1)
  - MGPSDK (1.1.5)
  - OnepayIPG (0.1.0):
    - Alamofire
    - MGPSDK

DEPENDENCIES:
  - OnepayIPG (from `../`)

SPEC REPOS:
  trunk:
    - Alamofire
    - MGPSDK

EXTERNAL SOURCES:
  OnepayIPG:
    :path: "../"

SPEC CHECKSUMS:
  Alamofire: 87bd8c952f9a4454320fce00d9cc3de57bcadaf5
  MGPSDK: 1bc151747c432c3e118ccbbeb8ef54db79ef86f6
  OnepayIPG: 5b8176ae5e9881cf3617929ceb462ac3e4a9968d

PODFILE CHECKSUM: bb4b54d68dbb4a07ce07a6b37a034c7d6f5cd365

COCOAPODS: 1.9.3
